
Microsoft Visual Studio Solution File, Format Version 12.00
# Visual Studio Version 17
VisualStudioVersion = 17.4.33213.308
MinimumVisualStudioVersion = 10.0.40219.1
Project("{FAE04EC0-301F-11D3-BF4B-00C04F79EFBC}") = "IOTDeviceManagement", "IOTDeviceManagement.csproj", "{BE31EE96-CC4A-4F9E-A0BC-8253EB1653E9}"
EndProject
Global
	GlobalSection(SolutionConfigurationPlatforms) = preSolution
		Debug|Any CPU = Debug|Any CPU
		Release|Any CPU = Release|Any CPU
	EndGlobalSection
	GlobalSection(ProjectConfigurationPlatforms) = postSolution
		{BE31EE96-CC4A-4F9E-A0BC-8253EB1653E9}.Debug|Any CPU.ActiveCfg = Debug|Any CPU
		{BE31EE96-CC4A-4F9E-A0BC-8253EB1653E9}.Debug|Any CPU.Build.0 = Debug|Any CPU
		{BE31EE96-CC4A-4F9E-A0BC-8253EB1653E9}.Release|Any CPU.ActiveCfg = Release|Any CPU
		{BE31EE96-CC4A-4F9E-A0BC-8253EB1653E9}.Release|Any CPU.Build.0 = Release|Any CPU
	EndGlobalSection
	GlobalSection(SolutionProperties) = preSolution
		HideSolutionNode = FALSE
	EndGlobalSection
	GlobalSection(ExtensibilityGlobals) = postSolution
		SolutionGuid = {4120B883-E179-477D-A00C-87290114BCF5}
	EndGlobalSection
EndGlobal
